
Microsoft Visual Studio Solution File, Format Version 12.00
# Visual Studio Version 16
VisualStudioVersion = 16.0.30225.117
MinimumVisualStudioVersion = 10.0.40219.1
Project("{FAE04EC0-301F-11D3-BF4B-00C04F79EFBC}") = "Siter", "Siter\Siter.csproj", "{7885BC9E-E1C2-4DBB-AC71-AAAF8E1ED340}"
EndProject
Global
	GlobalSection(SolutionConfigurationPlatforms) = preSolution
		Debug|Any CPU = Debug|Any CPU
		Release|Any CPU = Release|Any CPU
	EndGlobalSection
	GlobalSection(ProjectConfigurationPlatforms) = postSolution
		{7885BC9E-E1C2-4DBB-AC71-AAAF8E1ED340}.Debug|Any CPU.ActiveCfg = Debug|Any CPU
		{7885BC9E-E1C2-4DBB-AC71-AAAF8E1ED340}.Debug|Any CPU.Build.0 = Debug|Any CPU
		{7885BC9E-E1C2-4DBB-AC71-AAAF8E1ED340}.Release|Any CPU.ActiveCfg = Release|Any CPU
		{7885BC9E-E1C2-4DBB-AC71-AAAF8E1ED340}.Release|Any CPU.Build.0 = Release|Any CPU
	EndGlobalSection
	GlobalSection(SolutionProperties) = preSolution
		HideSolutionNode = FALSE
	EndGlobalSection
	GlobalSection(ExtensibilityGlobals) = postSolution
		SolutionGuid = {4EBDC6EC-2322-4C07-8D03-C5DB99B47D93}
	EndGlobalSection
EndGlobal
